Microsoft Visual Studio Solution File, Format Version 12.00
# Visual Studio Version 17
VisualStudioVersion = 17.5.2.0
MinimumVisualStudioVersion = 10.0.40219.1
Project("{2150E333-8FDC-42A3-9474-1A3956D46DE8}") = "week-02", "week-02", "{9F5044AC-B5B5-CBD3-5FF3-A501652A67A8}"
EndProject
Project("{FAE04EC0-301F-11D3-BF4B-00C04F79EFBC}") = "task-01", "week-02\task-01\task-01.csproj", "{A245931E-703E-3F8E-653F-4FAA59C73CFC}"
EndProject
Global
	GlobalSection(SolutionConfigurationPlatforms) = preSolution
		Debug|Any CPU = Debug|Any CPU
		Release|Any CPU = Release|Any CPU
	EndGlobalSection
	GlobalSection(ProjectConfigurationPlatforms) = postSolution
		{A245931E-703E-3F8E-653F-4FAA59C73CFC}.Debug|Any CPU.ActiveCfg = Debug|Any CPU
		{A245931E-703E-3F8E-653F-4FAA59C73CFC}.Debug|Any CPU.Build.0 = Debug|Any CPU
		{A245931E-703E-3F8E-653F-4FAA59C73CFC}.Release|Any CPU.ActiveCfg = Release|Any CPU
		{A245931E-703E-3F8E-653F-4FAA59C73CFC}.Release|Any CPU.Build.0 = Release|Any CPU
	EndGlobalSection
	GlobalSection(SolutionProperties) = preSolution
		HideSolutionNode = FALSE
	EndGlobalSection
	GlobalSection(NestedProjects) = preSolution
		{A245931E-703E-3F8E-653F-4FAA59C73CFC} = {9F5044AC-B5B5-CBD3-5FF3-A501652A67A8}
	EndGlobalSection
	GlobalSection(ExtensibilityGlobals) = postSolution
		SolutionGuid = {4CDE28A2-92B4-44ED-9FD2-701D36618BBD}
	EndGlobalSection
EndGlobal
